<?xml version="1.0" encoding="utf-8"?>
<Project ToolsVersion="4.0" xmlns="http://schemas.microsoft.com/developer/msbuild/2003">
  <ItemGroup>
    <Filter Include="Source Files">
      <UniqueIdentifier>{4FC737F1-C7A5-4376-A066-2A32D752A2FF}</UniqueIdentifier>
      <Extensions>cpp;c;cc;cxx;def;odl;idl;hpj;bat;asm;asmx</Extensions>
    </Filter>
    <Filter Include="Header Files">
      <UniqueIdentifier>{93995380-89BD-4b04-88EB-625FBE52EBFB}</UniqueIdentifier>
      <Extensions>h;hh;hpp;hxx;hm;inl;inc;xsd</Extensions>
    </Filter>
    <Filter Include="Resource Files">
      <UniqueIdentifier>{67DA6AB6-F800-4c08-8B7A-83BB121AAD01}</UniqueIdentifier>
      <Extensions>rc;ico;cur;bmp;dlg;rc2;rct;bin;rgs;gif;jpg;jpeg;jpe;resx;tiff;tif;png;wav;mfcribbon-ms</Extensions>
    </Filter>
  </ItemGroup>
  <ItemGroup>
    <None Include="flash_eeprom.ino" />
  </ItemGroup>
  <ItemGroup>
    <ClInclude Include="__vm\.flash_eeprom.vsarduino.h">
      <Filter>Header Files</Filter>
    </ClInclude>
    <ClInclude Include="globals.h">
      <Filter>Header Files</Filter>
    </ClInclude>
    <ClInclude Include="meters.h">
      <Filter>Header Files</Filter>
    </ClInclude>
    <ClInclude Include="read_eeprom.h">
      <Filter>Header Files</Filter>
    </ClInclude>
    <ClInclude Include="term_func.h">
      <Filter>Header Files</Filter>
    </ClInclude>
    <ClInclude Include="writeLibrary.h">
      <Filter>Header Files</Filter>
    </ClInclude>
  </ItemGroup>
  <ItemGroup>
    <ClCompile Include="globals.cpp">
      <Filter>Source Files</Filter>
    </ClCompile>
    <ClCompile Include="meter01.cpp">
      <Filter>Source Files</Filter>
    </ClCompile>
    <ClCompile Include="meter02.cpp">
      <Filter>Source Files</Filter>
    </ClCompile>
    <ClCompile Include="meter03.cpp">
      <Filter>Source Files</Filter>
    </ClCompile>
    <ClCompile Include="meter04.cpp">
      <Filter>Source Files</Filter>
    </ClCompile>
    <ClCompile Include="meter05.cpp">
      <Filter>Source Files</Filter>
    </ClCompile>
    <ClCompile Include="meter06.cpp">
      <Filter>Source Files</Filter>
    </ClCompile>
    <ClCompile Include="meter07.cpp">
      <Filter>Source Files</Filter>
    </ClCompile>
    <ClCompile Include="meter08.cpp">
      <Filter>Source Files</Filter>
    </ClCompile>
    <ClCompile Include="meter09.cpp">
      <Filter>Source Files</Filter>
    </ClCompile>
    <ClCompile Include="meter10.cpp">
      <Filter>Source Files</Filter>
    </ClCompile>
    <ClCompile Include="meter11.cpp">
      <Filter>Source Files</Filter>
    </ClCompile>
    <ClCompile Include="meter12.cpp">
      <Filter>Source Files</Filter>
    </ClCompile>
    <ClCompile Include="meter13.cpp">
      <Filter>Source Files</Filter>
    </ClCompile>
    <ClCompile Include="meter14.cpp">
      <Filter>Source Files</Filter>
    </ClCompile>
    <ClCompile Include="meter15.cpp">
      <Filter>Source Files</Filter>
    </ClCompile>
    <ClCompile Include="meter16.cpp">
      <Filter>Source Files</Filter>
    </ClCompile>
    <ClCompile Include="meter17.cpp">
      <Filter>Source Files</Filter>
    </ClCompile>
    <ClCompile Include="read_eeprom.cpp">
      <Filter>Source Files</Filter>
    </ClCompile>
    <ClCompile Include="term_func.cpp">
      <Filter>Source Files</Filter>
    </ClCompile>
    <ClCompile Include="writeLibrary.cpp">
      <Filter>Source Files</Filter>
    </ClCompile>
  </ItemGroup>
</Project>